
Microsoft Visual Studio Solution File, Format Version 12.00
# Visual Studio 15
VisualStudioVersion = 15.0.27428.1
MinimumVisualStudioVersion = 10.0.40219.1
Project("{FAE04EC0-301F-11D3-BF4B-00C04F79EFBC}") = "The RPG Prototype", "The RPG Prototype\The RPG Prototype.csproj", "{9C2D2461-6C5D-4C31-ACC5-BA84F5511BD4}"
EndProject
Global
	GlobalSection(SolutionConfigurationPlatforms) = preSolution
		Debug|Any CPU = Debug|Any CPU
		Release|Any CPU = Release|Any CPU
	EndGlobalSection
	GlobalSection(ProjectConfigurationPlatforms) = postSolution
		{9C2D2461-6C5D-4C31-ACC5-BA84F5511BD4}.Debug|Any CPU.ActiveCfg = Debug|Any CPU
		{9C2D2461-6C5D-4C31-ACC5-BA84F5511BD4}.Debug|Any CPU.Build.0 = Debug|Any CPU
		{9C2D2461-6C5D-4C31-ACC5-BA84F5511BD4}.Release|Any CPU.ActiveCfg = Release|Any CPU
		{9C2D2461-6C5D-4C31-ACC5-BA84F5511BD4}.Release|Any CPU.Build.0 = Release|Any CPU
	EndGlobalSection
	GlobalSection(SolutionProperties) = preSolution
		HideSolutionNode = FALSE
	EndGlobalSection
	GlobalSection(ExtensibilityGlobals) = postSolution
		SolutionGuid = {36295CAF-BC05-410B-8B75-113C8311309C}
	EndGlobalSection
EndGlobal
